
Microsoft Visual Studio Solution File, Format Version 12.00
# Visual Studio Version 17
VisualStudioVersion = 17.14.36429.23
MinimumVisualStudioVersion = 10.0.40219.1
Project("{2150E333-8FDC-42A3-9474-1A3956D46DE8}") = "Task0", "Task0", "{02EA681E-C7D8-13C7-8484-4AC65E1B71E8}"
EndProject
Project("{FAE04EC0-301F-11D3-BF4B-00C04F79EFBC}") = "Tyuiu.ZamyatinKP.Sprint3.Task0.V26", "Tyuiu.ZamyatinKP.Sprint3.Task0.V26\Tyuiu.ZamyatinKP.Sprint3.Task0.V26.csproj", "{1E1600C4-A4DA-4513-A901-2E8B1177A637}"
EndProject
Project("{FAE04EC0-301F-11D3-BF4B-00C04F79EFBC}") = "Tyuiu.ZamyatinKP.Sprint3.Task0.V26.Lib", "Tyuiu.ZamyatinKP.Sprint3.Task0.V26.Lib\Tyuiu.ZamyatinKP.Sprint3.Task0.V26.Lib.csproj", "{D746F089-79A5-471E-9A2C-B52299C42648}"
EndProject
Project("{FAE04EC0-301F-11D3-BF4B-00C04F79EFBC}") = "Tyuiu.ZamyatinKP.Sprint3.Task0.V26.Test", "Tyuiu.ZamyatinKP.Sprint3.Task0.V26.Test\Tyuiu.ZamyatinKP.Sprint3.Task0.V26.Test.csproj", "{62C5A306-4D76-42E4-825A-F557367DA529}"
EndProject
Project("{2150E333-8FDC-42A3-9474-1A3956D46DE8}") = "Task1", "Task1", "{6C469C5F-F99A-480C-A33D-7E97229C445C}"
EndProject
Project("{FAE04EC0-301F-11D3-BF4B-00C04F79EFBC}") = "Tyuiu.ZamyatinKP.Sprint3.Task1.V22", "Tyuiu.ZamyatinKP.Sprint3.Task1.V22\Tyuiu.ZamyatinKP.Sprint3.Task1.V22.csproj", "{022EF778-2C56-4174-89C0-ED934C403BA4}"
EndProject
Project("{FAE04EC0-301F-11D3-BF4B-00C04F79EFBC}") = "Tyuiu.ZamyatinKP.Sprint3.Task1.V22.Lib", "Tyuiu.ZamyatinKP.Sprint3.Task1.V22.Lib\Tyuiu.ZamyatinKP.Sprint3.Task1.V22.Lib.csproj", "{2C69A0DA-5462-4502-813B-E5DE45423FD8}"
EndProject
Project("{FAE04EC0-301F-11D3-BF4B-00C04F79EFBC}") = "Tyuiu.ZamyatinKP.Sprint3.Task1.V22.Test", "Tyuiu.ZamyatinKP.Sprint3.Task1.V22.Test\Tyuiu.ZamyatinKP.Sprint3.Task1.V22.Test.csproj", "{E46D337F-4185-43F9-8415-CF02AD81B751}"
EndProject
Project("{2150E333-8FDC-42A3-9474-1A3956D46DE8}") = "Task2", "Task2", "{77741E75-F204-4F1E-BAA0-444C10ED1DCE}"
EndProject
Project("{FAE04EC0-301F-11D3-BF4B-00C04F79EFBC}") = "Tyuiu.ZamyatinKP.Sprint3.Task2.V30", "Tyuiu.ZamyatinKP.Sprint3.Task2.V30\Tyuiu.ZamyatinKP.Sprint3.Task2.V30.csproj", "{CFEA6A71-66EE-47AE-8C7F-433ACDDCE28F}"
EndProject
Project("{FAE04EC0-301F-11D3-BF4B-00C04F79EFBC}") = "Tyuiu.ZamyatinKP.Sprint3.Task2.V30.Lib", "Tyuiu.ZamyatinKP.Sprint3.Task2.V30.Lib\Tyuiu.ZamyatinKP.Sprint3.Task2.V30.Lib.csproj", "{222B1E76-8F3D-4D14-9181-911FAA3C7EB3}"
EndProject
Project("{FAE04EC0-301F-11D3-BF4B-00C04F79EFBC}") = "Tyuiu.ZamyatinKP.Sprint3.Task2.V30.Test", "Tyuiu.ZamyatinKP.Sprint3.Task2.V30.Test\Tyuiu.ZamyatinKP.Sprint3.Task2.V30.Test.csproj", "{9E86872D-E82C-403F-8228-C147CC5CBBBB}"
EndProject
Project("{2150E333-8FDC-42A3-9474-1A3956D46DE8}") = "Task3", "Task3", "{2971C258-3CA3-4C64-8822-BAFCF8EC093F}"
EndProject
Project("{FAE04EC0-301F-11D3-BF4B-00C04F79EFBC}") = "Tyuiu.ZamyatinKP.Sprint3.Task3.V23", "Tyuiu.ZamyatinKP.Sprint3.Task3.V23\Tyuiu.ZamyatinKP.Sprint3.Task3.V23.csproj", "{85ADACD8-7E41-4A0E-9C79-BADA4ADFABF1}"
EndProject
Project("{FAE04EC0-301F-11D3-BF4B-00C04F79EFBC}") = "Tyuiu.ZamyatinKP.Sprint3.Task3.V23.Lib", "Tyuiu.ZamyatinKP.Sprint3.Task3.V23.Lib\Tyuiu.ZamyatinKP.Sprint3.Task3.V23.Lib.csproj", "{CD6DD9FA-E102-463E-8E65-5DF38CC73AFD}"
EndProject
Project("{FAE04EC0-301F-11D3-BF4B-00C04F79EFBC}") = "Tyuiu.ZamyatinKP.Sprint3.Task3.V23.Test", "Tyuiu.ZamyatinKP.Sprint3.Task3.V23.Test\Tyuiu.ZamyatinKP.Sprint3.Task3.V23.Test.csproj", "{19D2753E-3BA5-4B8E-A355-CC39D43A1A33}"
EndProject
Project("{2150E333-8FDC-42A3-9474-1A3956D46DE8}") = "Task4", "Task4", "{759F74AE-8EDE-4FE1-A7A7-EF7814A34927}"
EndProject
Project("{FAE04EC0-301F-11D3-BF4B-00C04F79EFBC}") = "Tyuiu.ZamyatinKP.Sprint3.Task4.V21", "Tyuiu.ZamyatinKP.Sprint3.Task4.V21\Tyuiu.ZamyatinKP.Sprint3.Task4.V21.csproj", "{09DEF46C-7B5B-4E02-A2F5-5E7619B9A2EA}"
EndProject
Project("{FAE04EC0-301F-11D3-BF4B-00C04F79EFBC}") = "Tyuiu.ZamyatinKP.Sprint3.Task4.V21.Lib", "Tyuiu.ZamyatinKP.Sprint3.Task4.V21.Lib\Tyuiu.ZamyatinKP.Sprint3.Task4.V21.Lib.csproj", "{253C880C-4267-438E-AF56-252AF572FD11}"
EndProject
Project("{FAE04EC0-301F-11D3-BF4B-00C04F79EFBC}") = "Tyuiu.ZamyatinKP.Sprint3.Task4.V21.Test", "Tyuiu.ZamyatinKP.Sprint3.Task4.V21.Test\Tyuiu.ZamyatinKP.Sprint3.Task4.V21.Test.csproj", "{6EF625F3-7EDA-436D-8D2E-80CF73BF6303}"
EndProject
Project("{2150E333-8FDC-42A3-9474-1A3956D46DE8}") = "Task5", "Task5", "{2ABF922C-726C-4B8C-9DD7-5A2CC58EB1E4}"
EndProject
Project("{FAE04EC0-301F-11D3-BF4B-00C04F79EFBC}") = "Tyuiu.ZamyatinKP.Sprint3.Task5.V25", "Tyuiu.ZamyatinKP.Sprint3.Task5.V25\Tyuiu.ZamyatinKP.Sprint3.Task5.V25.csproj", "{5046CA4B-D5A0-4964-BC05-1DDD5DD9D9BB}"
EndProject
Project("{FAE04EC0-301F-11D3-BF4B-00C04F79EFBC}") = "Tyuiu.ZamyatinKP.Sprint3.Task5.V25.Lib", "Tyuiu.ZamyatinKP.Sprint3.Task5.V25.Lib\Tyuiu.ZamyatinKP.Sprint3.Task5.V25.Lib.csproj", "{7BC69201-8234-4397-8315-C64E2A8B0E79}"
EndProject
Project("{FAE04EC0-301F-11D3-BF4B-00C04F79EFBC}") = "Tyuiu.ZamyatinKP.Sprint3.Task5.V25.Test", "Tyuiu.ZamyatinKP.Sprint3.Task5.V25.Test\Tyuiu.ZamyatinKP.Sprint3.Task5.V25.Test.csproj", "{1AC601D4-1975-4213-9776-FA327E6A0B04}"
EndProject
Global
	GlobalSection(SolutionConfigurationPlatforms) = preSolution
		Debug|Any CPU = Debug|Any CPU
		Release|Any CPU = Release|Any CPU
	EndGlobalSection
	GlobalSection(ProjectConfigurationPlatforms) = postSolution
		{1E1600C4-A4DA-4513-A901-2E8B1177A637}.Debug|Any CPU.ActiveCfg = Debug|Any CPU
		{1E1600C4-A4DA-4513-A901-2E8B1177A637}.Debug|Any CPU.Build.0 = Debug|Any CPU
		{1E1600C4-A4DA-4513-A901-2E8B1177A637}.Release|Any CPU.ActiveCfg = Release|Any CPU
		{1E1600C4-A4DA-4513-A901-2E8B1177A637}.Release|Any CPU.Build.0 = Release|Any CPU
		{D746F089-79A5-471E-9A2C-B52299C42648}.Debug|Any CPU.ActiveCfg = Debug|Any CPU
		{D746F089-79A5-471E-9A2C-B52299C42648}.Debug|Any CPU.Build.0 = Debug|Any CPU
		{D746F089-79A5-471E-9A2C-B52299C42648}.Release|Any CPU.ActiveCfg = Release|Any CPU
		{D746F089-79A5-471E-9A2C-B52299C42648}.Release|Any CPU.Build.0 = Release|Any CPU
		{62C5A306-4D76-42E4-825A-F557367DA529}.Debug|Any CPU.ActiveCfg = Debug|Any CPU
		{62C5A306-4D76-42E4-825A-F557367DA529}.Debug|Any CPU.Build.0 = Debug|Any CPU
		{62C5A306-4D76-42E4-825A-F557367DA529}.Release|Any CPU.ActiveCfg = Release|Any CPU
		{62C5A306-4D76-42E4-825A-F557367DA529}.Release|Any CPU.Build.0 = Release|Any CPU
		{022EF778-2C56-4174-89C0-ED934C403BA4}.Debug|Any CPU.ActiveCfg = Debug|Any CPU
		{022EF778-2C56-4174-89C0-ED934C403BA4}.Debug|Any CPU.Build.0 = Debug|Any CPU
		{022EF778-2C56-4174-89C0-ED934C403BA4}.Release|Any CPU.ActiveCfg = Release|Any CPU
		{022EF778-2C56-4174-89C0-ED934C403BA4}.Release|Any CPU.Build.0 = Release|Any CPU
		{2C69A0DA-5462-4502-813B-E5DE45423FD8}.Debug|Any CPU.ActiveCfg = Debug|Any CPU
		{2C69A0DA-5462-4502-813B-E5DE45423FD8}.Debug|Any CPU.Build.0 = Debug|Any CPU
		{2C69A0DA-5462-4502-813B-E5DE45423FD8}.Release|Any CPU.ActiveCfg = Release|Any CPU
		{2C69A0DA-5462-4502-813B-E5DE45423FD8}.Release|Any CPU.Build.0 = Release|Any CPU
		{E46D337F-4185-43F9-8415-CF02AD81B751}.Debug|Any CPU.ActiveCfg = Debug|Any CPU
		{E46D337F-4185-43F9-8415-CF02AD81B751}.Debug|Any CPU.Build.0 = Debug|Any CPU
		{E46D337F-4185-43F9-8415-CF02AD81B751}.Release|Any CPU.ActiveCfg = Release|Any CPU
		{E46D337F-4185-43F9-8415-CF02AD81B751}.Release|Any CPU.Build.0 = Release|Any CPU
		{CFEA6A71-66EE-47AE-8C7F-433ACDDCE28F}.Debug|Any CPU.ActiveCfg = Debug|Any CPU
		{CFEA6A71-66EE-47AE-8C7F-433ACDDCE28F}.Debug|Any CPU.Build.0 = Debug|Any CPU
		{CFEA6A71-66EE-47AE-8C7F-433ACDDCE28F}.Release|Any CPU.ActiveCfg = Release|Any CPU
		{CFEA6A71-66EE-47AE-8C7F-433ACDDCE28F}.Release|Any CPU.Build.0 = Release|Any CPU
		{222B1E76-8F3D-4D14-9181-911FAA3C7EB3}.Debug|Any CPU.ActiveCfg = Debug|Any CPU
		{222B1E76-8F3D-4D14-9181-911FAA3C7EB3}.Debug|Any CPU.Build.0 = Debug|Any CPU
		{222B1E76-8F3D-4D14-9181-911FAA3C7EB3}.Release|Any CPU.ActiveCfg = Release|Any CPU
		{222B1E76-8F3D-4D14-9181-911FAA3C7EB3}.Release|Any CPU.Build.0 = Release|Any CPU
		{9E86872D-E82C-403F-8228-C147CC5CBBBB}.Debug|Any CPU.ActiveCfg = Debug|Any CPU
		{9E86872D-E82C-403F-8228-C147CC5CBBBB}.Debug|Any CPU.Build.0 = Debug|Any CPU
		{9E86872D-E82C-403F-8228-C147CC5CBBBB}.Release|Any CPU.ActiveCfg = Release|Any CPU
		{9E86872D-E82C-403F-8228-C147CC5CBBBB}.Release|Any CPU.Build.0 = Release|Any CPU
		{85ADACD8-7E41-4A0E-9C79-BADA4ADFABF1}.Debug|Any CPU.ActiveCfg = Debug|Any CPU
		{85ADACD8-7E41-4A0E-9C79-BADA4ADFABF1}.Debug|Any CPU.Build.0 = Debug|Any CPU
		{85ADACD8-7E41-4A0E-9C79-BADA4ADFABF1}.Release|Any CPU.ActiveCfg = Release|Any CPU
		{85ADACD8-7E41-4A0E-9C79-BADA4ADFABF1}.Release|Any CPU.Build.0 = Release|Any CPU
		{CD6DD9FA-E102-463E-8E65-5DF38CC73AFD}.Debug|Any CPU.ActiveCfg = Debug|Any CPU
		{CD6DD9FA-E102-463E-8E65-5DF38CC73AFD}.Debug|Any CPU.Build.0 = Debug|Any CPU
		{CD6DD9FA-E102-463E-8E65-5DF38CC73AFD}.Release|Any CPU.ActiveCfg = Release|Any CPU
		{CD6DD9FA-E102-463E-8E65-5DF38CC73AFD}.Release|Any CPU.Build.0 = Release|Any CPU
		{19D2753E-3BA5-4B8E-A355-CC39D43A1A33}.Debug|Any CPU.ActiveCfg = Debug|Any CPU
		{19D2753E-3BA5-4B8E-A355-CC39D43A1A33}.Debug|Any CPU.Build.0 = Debug|Any CPU
		{19D2753E-3BA5-4B8E-A355-CC39D43A1A33}.Release|Any CPU.ActiveCfg = Release|Any CPU
		{19D2753E-3BA5-4B8E-A355-CC39D43A1A33}.Release|Any CPU.Build.0 = Release|Any CPU
		{09DEF46C-7B5B-4E02-A2F5-5E7619B9A2EA}.Debug|Any CPU.ActiveCfg = Debug|Any CPU
		{09DEF46C-7B5B-4E02-A2F5-5E7619B9A2EA}.Debug|Any CPU.Build.0 = Debug|Any CPU
		{09DEF46C-7B5B-4E02-A2F5-5E7619B9A2EA}.Release|Any CPU.ActiveCfg = Release|Any CPU
		{09DEF46C-7B5B-4E02-A2F5-5E7619B9A2EA}.Release|Any CPU.Build.0 = Release|Any CPU
		{253C880C-4267-438E-AF56-252AF572FD11}.Debug|Any CPU.ActiveCfg = Debug|Any CPU
		{253C880C-4267-438E-AF56-252AF572FD11}.Debug|Any CPU.Build.0 = Debug|Any CPU
		{253C880C-4267-438E-AF56-252AF572FD11}.Release|Any CPU.ActiveCfg = Release|Any CPU
		{253C880C-4267-438E-AF56-252AF572FD11}.Release|Any CPU.Build.0 = Release|Any CPU
		{6EF625F3-7EDA-436D-8D2E-80CF73BF6303}.Debug|Any CPU.ActiveCfg = Debug|Any CPU
		{6EF625F3-7EDA-436D-8D2E-80CF73BF6303}.Debug|Any CPU.Build.0 = Debug|Any CPU
		{6EF625F3-7EDA-436D-8D2E-80CF73BF6303}.Release|Any CPU.ActiveCfg = Release|Any CPU
		{6EF625F3-7EDA-436D-8D2E-80CF73BF6303}.Release|Any CPU.Build.0 = Release|Any CPU
		{5046CA4B-D5A0-4964-BC05-1DDD5DD9D9BB}.Debug|Any CPU.ActiveCfg = Debug|Any CPU
		{5046CA4B-D5A0-4964-BC05-1DDD5DD9D9BB}.Debug|Any CPU.Build.0 = Debug|Any CPU
		{5046CA4B-D5A0-4964-BC05-1DDD5DD9D9BB}.Release|Any CPU.ActiveCfg = Release|Any CPU
		{5046CA4B-D5A0-4964-BC05-1DDD5DD9D9BB}.Release|Any CPU.Build.0 = Release|Any CPU
		{7BC69201-8234-4397-8315-C64E2A8B0E79}.Debug|Any CPU.ActiveCfg = Debug|Any CPU
		{7BC69201-8234-4397-8315-C64E2A8B0E79}.Debug|Any CPU.Build.0 = Debug|Any CPU
		{7BC69201-8234-4397-8315-C64E2A8B0E79}.Release|Any CPU.ActiveCfg = Release|Any CPU
		{7BC69201-8234-4397-8315-C64E2A8B0E79}.Release|Any CPU.Build.0 = Release|Any CPU
		{1AC601D4-1975-4213-9776-FA327E6A0B04}.Debug|Any CPU.ActiveCfg = Debug|Any CPU
		{1AC601D4-1975-4213-9776-FA327E6A0B04}.Debug|Any CPU.Build.0 = Debug|Any CPU
		{1AC601D4-1975-4213-9776-FA327E6A0B04}.Release|Any CPU.ActiveCfg = Release|Any CPU
		{1AC601D4-1975-4213-9776-FA327E6A0B04}.Release|Any CPU.Build.0 = Release|Any CPU
	EndGlobalSection
	GlobalSection(SolutionProperties) = preSolution
		HideSolutionNode = FALSE
	EndGlobalSection
	GlobalSection(NestedProjects) = preSolution
		{1E1600C4-A4DA-4513-A901-2E8B1177A637} = {02EA681E-C7D8-13C7-8484-4AC65E1B71E8}
		{D746F089-79A5-471E-9A2C-B52299C42648} = {02EA681E-C7D8-13C7-8484-4AC65E1B71E8}
		{62C5A306-4D76-42E4-825A-F557367DA529} = {02EA681E-C7D8-13C7-8484-4AC65E1B71E8}
		{022EF778-2C56-4174-89C0-ED934C403BA4} = {6C469C5F-F99A-480C-A33D-7E97229C445C}
		{2C69A0DA-5462-4502-813B-E5DE45423FD8} = {6C469C5F-F99A-480C-A33D-7E97229C445C}
		{E46D337F-4185-43F9-8415-CF02AD81B751} = {6C469C5F-F99A-480C-A33D-7E97229C445C}
		{CFEA6A71-66EE-47AE-8C7F-433ACDDCE28F} = {77741E75-F204-4F1E-BAA0-444C10ED1DCE}
		{222B1E76-8F3D-4D14-9181-911FAA3C7EB3} = {77741E75-F204-4F1E-BAA0-444C10ED1DCE}
		{9E86872D-E82C-403F-8228-C147CC5CBBBB} = {77741E75-F204-4F1E-BAA0-444C10ED1DCE}
		{85ADACD8-7E41-4A0E-9C79-BADA4ADFABF1} = {2971C258-3CA3-4C64-8822-BAFCF8EC093F}
		{CD6DD9FA-E102-463E-8E65-5DF38CC73AFD} = {2971C258-3CA3-4C64-8822-BAFCF8EC093F}
		{19D2753E-3BA5-4B8E-A355-CC39D43A1A33} = {2971C258-3CA3-4C64-8822-BAFCF8EC093F}
		{09DEF46C-7B5B-4E02-A2F5-5E7619B9A2EA} = {759F74AE-8EDE-4FE1-A7A7-EF7814A34927}
		{253C880C-4267-438E-AF56-252AF572FD11} = {759F74AE-8EDE-4FE1-A7A7-EF7814A34927}
		{6EF625F3-7EDA-436D-8D2E-80CF73BF6303} = {759F74AE-8EDE-4FE1-A7A7-EF7814A34927}
		{5046CA4B-D5A0-4964-BC05-1DDD5DD9D9BB} = {2ABF922C-726C-4B8C-9DD7-5A2CC58EB1E4}
		{7BC69201-8234-4397-8315-C64E2A8B0E79} = {2ABF922C-726C-4B8C-9DD7-5A2CC58EB1E4}
		{1AC601D4-1975-4213-9776-FA327E6A0B04} = {2ABF922C-726C-4B8C-9DD7-5A2CC58EB1E4}
	EndGlobalSection
	GlobalSection(ExtensibilityGlobals) = postSolution
		SolutionGuid = {246405FC-132D-45C4-906F-DFFE46803167}
	EndGlobalSection
EndGlobal
